// !$*UTF8*$!
{
	archiveVersion = 1;
	classes = {
	};
	objectVersion = 50;
	objects = {

/* Begin PBXBuildFile section */
		F1CD667323798DEC00C64687 /* MusicControlViewController.swift in Sources */ = {isa = PBXBuildFile; fileRef = F1CD667223798DEC00C64687 /* MusicControlViewController.swift */; };
		F1CD66752379911E00C64687 /* MusicNavigationViewController.swift in Sources */ = {isa = PBXBuildFile; fileRef = F1CD66742379911E00C64687 /* MusicNavigationViewController.swift */; };
		F1EF067223779D0800345F38 /* AppDelegate.swift in Sources */ = {isa = PBXBuildFile; fileRef = F1EF067123779D0800345F38 /* AppDelegate.swift */; };
		F1EF067423779D0800345F38 /* SceneDelegate.swift in Sources */ = {isa = PBXBuildFile; fileRef = F1EF067323779D0800345F38 /* SceneDelegate.swift */; };
		F1EF067923779D0800345F38 /* Main.storyboard in Resources */ = {isa = PBXBuildFile; fileRef = F1EF067723779D0800345F38 /* Main.storyboard */; };
		F1EF067B23779D0900345F38 /* Assets.xcassets in Resources */ = {isa = PBXBuildFile; fileRef = F1EF067A23779D0900345F38 /* Assets.xcassets */; };
		F1EF067E23779D0900345F38 /* LaunchScreen.storyboard in Resources */ = {isa = PBXBuildFile; fileRef = F1EF067C23779D0900345F38 /* LaunchScreen.storyboard */; };
		F1FE303C23779E7900F6EA35 /* MusicListViewController.swift in Sources */ = {isa = PBXBuildFile; fileRef = F1FE303B23779E7900F6EA35 /* MusicListViewController.swift */; };
		F1FE30412377A50400F6EA35 /* Album.swift in Sources */ = {isa = PBXBuildFile; fileRef = F1FE30402377A50400F6EA35 /* Album.swift */; };
		F1FE30432377A6FA00F6EA35 /* SongQuery.swift in Sources */ = {isa = PBXBuildFile; fileRef = F1FE30422377A6FA00F6EA35 /* SongQuery.swift */; };
		F1FE304C2377E5FE00F6EA35 /* UIViewControllerExtension.swift in Sources */ = {isa = PBXBuildFile; fileRef = F1FE304B2377E5FE00F6EA35 /* UIViewControllerExtension.swift */; };
		F1FE304F2377ED0000F6EA35 /* AlbumCollectionViewCell.swift in Sources */ = {isa = PBXBuildFile; fileRef = F1FE304E2377ED0000F6EA35 /* AlbumCollectionViewCell.swift */; };
		F1FE305123782B2E00F6EA35 /* MusicDetailViewController.swift in Sources */ = {isa = PBXBuildFile; fileRef = F1FE305023782B2E00F6EA35 /* MusicDetailViewController.swift */; };
		F1FE30532378329400F6EA35 /* AlbumInfoTableViewCell.swift in Sources */ = {isa = PBXBuildFile; fileRef = F1FE30522378329400F6EA35 /* AlbumInfoTableViewCell.swift */; };
		F1FE3055237832B500F6EA35 /* AlbumControlTableViewCell.swift in Sources */ = {isa = PBXBuildFile; fileRef = F1FE3054237832B500F6EA35 /* AlbumControlTableViewCell.swift */; };
		F1FE3057237832CB00F6EA35 /* AlbumMusicTableViewCell.swift in Sources */ = {isa = PBXBuildFile; fileRef = F1FE3056237832CB00F6EA35 /* AlbumMusicTableViewCell.swift */; };
/* End PBXBuildFile section */

/* Begin PBXFileReference section */
		F1CD667223798DEC00C64687 /* MusicControlViewController.swift */ = {isa = PBXFileReference; lastKnownFileType = sourcecode.swift; path = MusicControlViewController.swift; sourceTree = "<group>"; };
		F1CD66742379911E00C64687 /* MusicNavigationViewController.swift */ = {isa = PBXFileReference; lastKnownFileType = sourcecode.swift; path = MusicNavigationViewController.swift; sourceTree = "<group>"; };
		F1EF066E23779D0800345F38 /* MusicPlayer.app */ = {isa = PBXFileReference; explicitFileType = wrapper.application; includeInIndex = 0; path = MusicPlayer.app; sourceTree = BUILT_PRODUCTS_DIR; };
		F1EF067123779D0800345F38 /* AppDelegate.swift */ = {isa = PBXFileReference; lastKnownFileType = sourcecode.swift; path = AppDelegate.swift; sourceTree = "<group>"; };
		F1EF067323779D0800345F38 /* SceneDelegate.swift */ = {isa = PBXFileReference; lastKnownFileType = sourcecode.swift; path = SceneDelegate.swift; sourceTree = "<group>"; };
		F1EF067823779D0800345F38 /* Base */ = {isa = PBXFileReference; lastKnownFileType = file.storyboard; name = Base; path = Base.lproj/Main.storyboard; sourceTree = "<group>"; };
		F1EF067A23779D0900345F38 /* Assets.xcassets */ = {isa = PBXFileReference; lastKnownFileType = folder.assetcatalog; path = Assets.xcassets; sourceTree = "<group>"; };
		F1EF067D23779D0900345F38 /* Base */ = {isa = PBXFileReference; lastKnownFileType = file.storyboard; name = Base; path = Base.lproj/LaunchScreen.storyboard; sourceTree = "<group>"; };
		F1EF067F23779D0900345F38 /* Info.plist */ = {isa = PBXFileReference; lastKnownFileType = text.plist.xml; path = Info.plist; sourceTree = "<group>"; };
		F1FE303B23779E7900F6EA35 /* MusicListViewController.swift */ = {isa = PBXFileReference; lastKnownFileType = sourcecode.swift; path = MusicListViewController.swift; sourceTree = "<group>"; };
		F1FE30402377A50400F6EA35 /* Album.swift */ = {isa = PBXFileReference; lastKnownFileType = sourcecode.swift; path = Album.swift; sourceTree = "<group>"; };
		F1FE30422377A6FA00F6EA35 /* SongQuery.swift */ = {isa = PBXFileReference; lastKnownFileType = sourcecode.swift; path = SongQuery.swift; sourceTree = "<group>"; };
		F1FE304B2377E5FE00F6EA35 /* UIViewControllerExtension.swift */ = {isa = PBXFileReference; lastKnownFileType = sourcecode.swift; path = UIViewControllerExtension.swift; sourceTree = "<group>"; };
		F1FE304E2377ED0000F6EA35 /* AlbumCollectionViewCell.swift */ = {isa = PBXFileReference; lastKnownFileType = sourcecode.swift; path = AlbumCollectionViewCell.swift; sourceTree = "<group>"; };
		F1FE305023782B2E00F6EA35 /* MusicDetailViewController.swift */ = {isa = PBXFileReference; lastKnownFileType = sourcecode.swift; path = MusicDetailViewController.swift; sourceTree = "<group>"; };
		F1FE30522378329400F6EA35 /* AlbumInfoTableViewCell.swift */ = {isa = PBXFileReference; lastKnownFileType = sourcecode.swift; path = AlbumInfoTableViewCell.swift; sourceTree = "<group>"; };
		F1FE3054237832B500F6EA35 /* AlbumControlTableViewCell.swift */ = {isa = PBXFileReference; lastKnownFileType = sourcecode.swift; path = AlbumControlTableViewCell.swift; sourceTree = "<group>"; };
		F1FE3056237832CB00F6EA35 /* AlbumMusicTableViewCell.swift */ = {isa = PBXFileReference; lastKnownFileType = sourcecode.swift; path = AlbumMusicTableViewCell.swift; sourceTree = "<group>"; };
/* End PBXFileReference section */

/* Begin PBXFrameworksBuildPhase section */
		F1EF066B23779D0800345F38 /* Frameworks */ = {
			isa = PBXFrameworksBuildPhase;
			buildActionMask = 2147483647;
			files = (
			);
			runOnlyForDeploymentPostprocessing = 0;
		};
/* End PBXFrameworksBuildPhase section */

/* Begin PBXGroup section */
		F1EF066523779D0800345F38 = {
			isa = PBXGroup;
			children = (
				F1EF067023779D0800345F38 /* MusicPlayer */,
				F1EF066F23779D0800345F38 /* Products */,
			);
			sourceTree = "<group>";
		};
		F1EF066F23779D0800345F38 /* Products */ = {
			isa = PBXGroup;
			children = (
				F1EF066E23779D0800345F38 /* MusicPlayer.app */,
			);
			name = Products;
			sourceTree = "<group>";
		};
		F1EF067023779D0800345F38 /* MusicPlayer */ = {
			isa = PBXGroup;
			children = (
				F1FE303D2377A4C000F6EA35 /* Common */,
				F1FE303A23779E4B00F6EA35 /* ViewControllers */,
				F1EF067123779D0800345F38 /* AppDelegate.swift */,
				F1EF067323779D0800345F38 /* SceneDelegate.swift */,
				F1EF067723779D0800345F38 /* Main.storyboard */,
				F1EF067A23779D0900345F38 /* Assets.xcassets */,
				F1EF067C23779D0900345F38 /* LaunchScreen.storyboard */,
				F1EF067F23779D0900345F38 /* Info.plist */,
			);
			path = MusicPlayer;
			sourceTree = "<group>";
		};
		F1FE303A23779E4B00F6EA35 /* ViewControllers */ = {
			isa = PBXGroup;
			children = (
				F1FE304D2377EC2800F6EA35 /* Cells */,
				F1CD66742379911E00C64687 /* MusicNavigationViewController.swift */,
				F1FE303B23779E7900F6EA35 /* MusicListViewController.swift */,
				F1FE305023782B2E00F6EA35 /* MusicDetailViewController.swift */,
				F1CD667223798DEC00C64687 /* MusicControlViewController.swift */,
			);
			path = ViewControllers;
			sourceTree = "<group>";
		};
		F1FE303D2377A4C000F6EA35 /* Common */ = {
			isa = PBXGroup;
			children = (
				F1FE303E2377A4DA00F6EA35 /* Models */,
				F1FE303F2377A4DA00F6EA35 /* Utils */,
				F1FE304A2377E5E900F6EA35 /* Extension */,
			);
			path = Common;
			sourceTree = "<group>";
		};
		F1FE303E2377A4DA00F6EA35 /* Models */ = {
			isa = PBXGroup;
			children = (
				F1FE30402377A50400F6EA35 /* Album.swift */,
			);
			path = Models;
			sourceTree = "<group>";
		};
		F1FE303F2377A4DA00F6EA35 /* Utils */ = {
			isa = PBXGroup;
			children = (
				F1FE30422377A6FA00F6EA35 /* SongQuery.swift */,
			);
			path = Utils;
			sourceTree = "<group>";
		};
		F1FE304A2377E5E900F6EA35 /* Extension */ = {
			isa = PBXGroup;
			children = (
				F1FE304B2377E5FE00F6EA35 /* UIViewControllerExtension.swift */,
			);
			path = Extension;
			sourceTree = "<group>";
		};
		F1FE304D2377EC2800F6EA35 /* Cells */ = {
			isa = PBXGroup;
			children = (
				F1FE304E2377ED0000F6EA35 /* AlbumCollectionViewCell.swift */,
				F1FE30522378329400F6EA35 /* AlbumInfoTableViewCell.swift */,
				F1FE3054237832B500F6EA35 /* AlbumControlTableViewCell.swift */,
				F1FE3056237832CB00F6EA35 /* AlbumMusicTableViewCell.swift */,
			);
			path = Cells;
			sourceTree = "<group>";
		};
/* End PBXGroup section */

/* Begin PBXNativeTarget section */
		F1EF066D23779D0800345F38 /* MusicPlayer */ = {
			isa = PBXNativeTarget;
			buildConfigurationList = F1EF068223779D0900345F38 /* Build configuration list for PBXNativeTarget "MusicPlayer" */;
			buildPhases = (
				F1EF066A23779D0800345F38 /* Sources */,
				F1EF066B23779D0800345F38 /* Frameworks */,
				F1EF066C23779D0800345F38 /* Resources */,
			);
			buildRules = (
			);
			dependencies = (
			);
			name = MusicPlayer;
			productName = MusicPlayer;
			productReference = F1EF066E23779D0800345F38 /* MusicPlayer.app */;
			productType = "com.apple.product-type.application";
		};
/* End PBXNativeTarget section */

/* Begin PBXProject section */
		F1EF066623779D0800345F38 /* Project object */ = {
			isa = PBXProject;
			attributes = {
				LastSwiftUpdateCheck = 1120;
				LastUpgradeCheck = 1120;
				ORGANIZATIONNAME = "Hanhyung Lee";
				TargetAttributes = {
					F1EF066D23779D0800345F38 = {
						CreatedOnToolsVersion = 11.2;
					};
				};
			};
			buildConfigurationList = F1EF066923779D0800345F38 /* Build configuration list for PBXProject "MusicPlayer" */;
			compatibilityVersion = "Xcode 9.3";
			developmentRegion = en;
			hasScannedForEncodings = 0;
			knownRegions = (
				en,
				Base,
			);
			mainGroup = F1EF066523779D0800345F38;
			productRefGroup = F1EF066F23779D0800345F38 /* Products */;
			projectDirPath = "";
			projectRoot = "";
			targets = (
				F1EF066D23779D0800345F38 /* MusicPlayer */,
			);
		};
/* End PBXProject section */

/* Begin PBXResourcesBuildPhase section */
		F1EF066C23779D0800345F38 /* Resources */ = {
			isa = PBXResourcesBuildPhase;
			buildActionMask = 2147483647;
			files = (
				F1EF067E23779D0900345F38 /* LaunchScreen.storyboard in Resources */,
				F1EF067B23779D0900345F38 /* Assets.xcassets in Resources */,
				F1EF067923779D0800345F38 /* Main.storyboard in Resources */,
			);
			runOnlyForDeploymentPostprocessing = 0;
		};
/* End PBXResourcesBuildPhase section */

/* Begin PBXSourcesBuildPhase section */
		F1EF066A23779D0800345F38 /* Sources */ = {
			isa = PBXSourcesBuildPhase;
			buildActionMask = 2147483647;
			files = (
				F1CD66752379911E00C64687 /* MusicNavigationViewController.swift in Sources */,
				F1CD667323798DEC00C64687 /* MusicControlViewController.swift in Sources */,
				F1EF067223779D0800345F38 /* AppDelegate.swift in Sources */,
				F1FE3055237832B500F6EA35 /* AlbumControlTableViewCell.swift in Sources */,
				F1EF067423779D0800345F38 /* SceneDelegate.swift in Sources */,
				F1FE304C2377E5FE00F6EA35 /* UIViewControllerExtension.swift in Sources */,
				F1FE30432377A6FA00F6EA35 /* SongQuery.swift in Sources */,
				F1FE303C23779E7900F6EA35 /* MusicListViewController.swift in Sources */,
				F1FE30532378329400F6EA35 /* AlbumInfoTableViewCell.swift in Sources */,
				F1FE305123782B2E00F6EA35 /* MusicDetailViewController.swift in Sources */,
				F1FE30412377A50400F6EA35 /* Album.swift in Sources */,
				F1FE3057237832CB00F6EA35 /* AlbumMusicTableViewCell.swift in Sources */,
				F1FE304F2377ED0000F6EA35 /* AlbumCollectionViewCell.swift in Sources */,
			);
			runOnlyForDeploymentPostprocessing = 0;
		};
/* End PBXSourcesBuildPhase section */

/* Begin PBXVariantGroup section */
		F1EF067723779D0800345F38 /* Main.storyboard */ = {
			isa = PBXVariantGroup;
			children = (
				F1EF067823779D0800345F38 /* Base */,
			);
			name = Main.storyboard;
			sourceTree = "<group>";
		};
		F1EF067C23779D0900345F38 /* LaunchScreen.storyboard */ = {
			isa = PBXVariantGroup;
			children = (
				F1EF067D23779D0900345F38 /* Base */,
			);
			name = LaunchScreen.storyboard;
			sourceTree = "<group>";
		};
/* End PBXVariantGroup section */

/* Begin XCBuildConfiguration section */
		F1EF068023779D0900345F38 /* Debug */ = {
			isa = XCBuildConfiguration;
			buildSettings = {
				ALWAYS_SEARCH_USER_PATHS = NO;
				CLANG_ANALYZER_NONNULL = YES;
				CLANG_ANALYZER_NUMBER_OBJECT_CONVERSION = YES_AGGRESSIVE;
				CLANG_CXX_LANGUAGE_STANDARD = "gnu++14";
				CLANG_CXX_LIBRARY = "libc++";
				CLANG_ENABLE_MODULES = YES;
				CLANG_ENABLE_OBJC_ARC = YES;
				CLANG_ENABLE_OBJC_WEAK = YES;
				CLANG_WARN_BLOCK_CAPTURE_AUTORELEASING = YES;
				CLANG_WARN_BOOL_CONVERSION = YES;
				CLANG_WARN_COMMA = YES;
				CLANG_WARN_CONSTANT_CONVERSION = YES;
				CLANG_WARN_DEPRECATED_OBJC_IMPLEMENTATIONS = YES;
				CLANG_WARN_DIRECT_OBJC_ISA_USAGE = YES_ERROR;
				CLANG_WARN_DOCUMENTATION_COMMENTS = YES;
				CLANG_WARN_EMPTY_BODY = YES;
				CLANG_WARN_ENUM_CONVERSION = YES;
				CLANG_WARN_INFINITE_RECURSION = YES;
				CLANG_WARN_INT_CONVERSION = YES;
				CLANG_WARN_NON_LITERAL_NULL_CONVERSION = YES;
				CLANG_WARN_OBJC_IMPLICIT_RETAIN_SELF = YES;
				CLANG_WARN_OBJC_LITERAL_CONVERSION = YES;
				CLANG_WARN_OBJC_ROOT_CLASS = YES_ERROR;
				CLANG_WARN_RANGE_LOOP_ANALYSIS = YES;
				CLANG_WARN_STRICT_PROTOTYPES = YES;
				CLANG_WARN_SUSPICIOUS_MOVE = YES;
				CLANG_WARN_UNGUARDED_AVAILABILITY = YES_AGGRESSIVE;
				CLANG_WARN_UNREACHABLE_CODE = YES;
				CLANG_WARN__DUPLICATE_METHOD_MATCH = YES;
				COPY_PHASE_STRIP = NO;
				DEBUG_INFORMATION_FORMAT = dwarf;
				ENABLE_STRICT_OBJC_MSGSEND = YES;
				ENABLE_TESTABILITY = YES;
				GCC_C_LANGUAGE_STANDARD = gnu11;
				GCC_DYNAMIC_NO_PIC = NO;
				GCC_NO_COMMON_BLOCKS = YES;
				GCC_OPTIMIZATION_LEVEL = 0;
				GCC_PREPROCESSOR_DEFINITIONS = (
					"DEBUG=1",
					"$(inherited)",
				);
				GCC_WARN_64_TO_32_BIT_CONVERSION = YES;
				GCC_WARN_ABOUT_RETURN_TYPE = YES_ERROR;
				GCC_WARN_UNDECLARED_SELECTOR = YES;
				GCC_WARN_UNINITIALIZED_AUTOS = YES_AGGRESSIVE;
				GCC_WARN_UNUSED_FUNCTION = YES;
				GCC_WARN_UNUSED_VARIABLE = YES;
				IPHONEOS_DEPLOYMENT_TARGET = 13.2;
				MTL_ENABLE_DEBUG_INFO = INCLUDE_SOURCE;
				MTL_FAST_MATH = YES;
				ONLY_ACTIVE_ARCH = YES;
				SDKROOT = iphoneos;
				SWIFT_ACTIVE_COMPILATION_CONDITIONS = DEBUG;
				SWIFT_OPTIMIZATION_LEVEL = "-Onone";
			};
			name = Debug;
		};
		F1EF068123779D0900345F38 /* Release */ = {
			isa = XCBuildConfiguration;
			buildSettings = {
				ALWAYS_SEARCH_USER_PATHS = NO;
				CLANG_ANALYZER_NONNULL = YES;
				CLANG_ANALYZER_NUMBER_OBJECT_CONVERSION = YES_AGGRESSIVE;
				CLANG_CXX_LANGUAGE_STANDARD = "gnu++14";
				CLANG_CXX_LIBRARY = "libc++";
				CLANG_ENABLE_MODULES = YES;
				CLANG_ENABLE_OBJC_ARC = YES;
				CLANG_ENABLE_OBJC_WEAK = YES;
				CLANG_WARN_BLOCK_CAPTURE_AUTORELEASING = YES;
				CLANG_WARN_BOOL_CONVERSION = YES;
				CLANG_WARN_COMMA = YES;
				CLANG_WARN_CONSTANT_CONVERSION = YES;
				CLANG_WARN_DEPRECATED_OBJC_IMPLEMENTATIONS = YES;
				CLANG_WARN_DIRECT_OBJC_ISA_USAGE = YES_ERROR;
				CLANG_WARN_DOCUMENTATION_COMMENTS = YES;
				CLANG_WARN_EMPTY_BODY = YES;
				CLANG_WARN_ENUM_CONVERSION = YES;
				CLANG_WARN_INFINITE_RECURSION = YES;
				CLANG_WARN_INT_CONVERSION = YES;
				CLANG_WARN_NON_LITERAL_NULL_CONVERSION = YES;
				CLANG_WARN_OBJC_IMPLICIT_RETAIN_SELF = YES;
				CLANG_WARN_OBJC_LITERAL_CONVERSION = YES;
				CLANG_WARN_OBJC_ROOT_CLASS = YES_ERROR;
				CLANG_WARN_RANGE_LOOP_ANALYSIS = YES;
				CLANG_WARN_STRICT_PROTOTYPES = YES;
				CLANG_WARN_SUSPICIOUS_MOVE = YES;
				CLANG_WARN_UNGUARDED_AVAILABILITY = YES_AGGRESSIVE;
				CLANG_WARN_UNREACHABLE_CODE = YES;
				CLANG_WARN__DUPLICATE_METHOD_MATCH = YES;
				COPY_PHASE_STRIP = NO;
				DEBUG_INFORMATION_FORMAT = "dwarf-with-dsym";
				ENABLE_NS_ASSERTIONS = NO;
				ENABLE_STRICT_OBJC_MSGSEND = YES;
				GCC_C_LANGUAGE_STANDARD = gnu11;
				GCC_NO_COMMON_BLOCKS = YES;
				GCC_WARN_64_TO_32_BIT_CONVERSION = YES;
				GCC_WARN_ABOUT_RETURN_TYPE = YES_ERROR;
				GCC_WARN_UNDECLARED_SELECTOR = YES;
				GCC_WARN_UNINITIALIZED_AUTOS = YES_AGGRESSIVE;
				GCC_WARN_UNUSED_FUNCTION = YES;
				GCC_WARN_UNUSED_VARIABLE = YES;
				IPHONEOS_DEPLOYMENT_TARGET = 13.2;
				MTL_ENABLE_DEBUG_INFO = NO;
				MTL_FAST_MATH = YES;
				SDKROOT = iphoneos;
				SWIFT_COMPILATION_MODE = wholemodule;
				SWIFT_OPTIMIZATION_LEVEL = "-O";
				VALIDATE_PRODUCT = YES;
			};
			name = Release;
		};
		F1EF068323779D0900345F38 /* Debug */ = {
			isa = XCBuildConfiguration;
			buildSettings = {
				ASSETCATALOG_COMPILER_APPICON_NAME = AppIcon;
				CODE_SIGN_STYLE = Automatic;
				DEVELOPMENT_TEAM = MB4GH97DP9;
				INFOPLIST_FILE = MusicPlayer/Info.plist;
				LD_RUNPATH_SEARCH_PATHS = (
					"$(inherited)",
					"@executable_path/Frameworks",
				);
				PRODUCT_BUNDLE_IDENTIFIER = Antonio.MusicPlayer;
				PRODUCT_NAME = "$(TARGET_NAME)";
				SWIFT_VERSION = 5.0;
				TARGETED_DEVICE_FAMILY = "1,2";
			};
			name = Debug;
		};
		F1EF068423779D0900345F38 /* Release */ = {
			isa = XCBuildConfiguration;
			buildSettings = {
				ASSETCATALOG_COMPILER_APPICON_NAME = AppIcon;
				CODE_SIGN_STYLE = Automatic;
				DEVELOPMENT_TEAM = MB4GH97DP9;
				INFOPLIST_FILE = MusicPlayer/Info.plist;
				LD_RUNPATH_SEARCH_PATHS = (
					"$(inherited)",
					"@executable_path/Frameworks",
				);
				PRODUCT_BUNDLE_IDENTIFIER = Antonio.MusicPlayer;
				PRODUCT_NAME = "$(TARGET_NAME)";
				SWIFT_VERSION = 5.0;
				TARGETED_DEVICE_FAMILY = "1,2";
			};
			name = Release;
		};
/* End XCBuildConfiguration section */

/* Begin XCConfigurationList section */
		F1EF066923779D0800345F38 /* Build configuration list for PBXProject "MusicPlayer" */ = {
			isa = XCConfigurationList;
			buildConfigurations = (
				F1EF068023779D0900345F38 /* Debug */,
				F1EF068123779D0900345F38 /* Release */,
			);
			defaultConfigurationIsVisible = 0;
			defaultConfigurationName = Release;
		};
		F1EF068223779D0900345F38 /* Build configuration list for PBXNativeTarget "MusicPlayer" */ = {
			isa = XCConfigurationList;
			buildConfigurations = (
				F1EF068323779D0900345F38 /* Debug */,
				F1EF068423779D0900345F38 /* Release */,
			);
			defaultConfigurationIsVisible = 0;
			defaultConfigurationName = Release;
		};
/* End XCConfigurationList section */
	};
	rootObject = F1EF066623779D0800345F38 /* Project object */;
}
